
Microsoft Visual Studio Solution File, Format Version 12.00
# Visual Studio Version 17
VisualStudioVersion = 17.5.002.0
MinimumVisualStudioVersion = 10.0.40219.1
Project("{9A19103F-16F7-4668-BE54-9A1E7A4F7556}") = "Deserialize01", "Deserialize01.csproj", "{1F174610-6524-47C5-99E1-B55A21AC6FD2}"
EndProject
Global
	GlobalSection(SolutionConfigurationPlatforms) = preSolution
		Debug|Any CPU = Debug|Any CPU
		Release|Any CPU = Release|Any CPU
	EndGlobalSection
	GlobalSection(ProjectConfigurationPlatforms) = postSolution
		{1F174610-6524-47C5-99E1-B55A21AC6FD2}.Debug|Any CPU.ActiveCfg = Debug|Any CPU
		{1F174610-6524-47C5-99E1-B55A21AC6FD2}.Debug|Any CPU.Build.0 = Debug|Any CPU
		{1F174610-6524-47C5-99E1-B55A21AC6FD2}.Release|Any CPU.ActiveCfg = Release|Any CPU
		{1F174610-6524-47C5-99E1-B55A21AC6FD2}.Release|Any CPU.Build.0 = Release|Any CPU
	EndGlobalSection
	GlobalSection(SolutionProperties) = preSolution
		HideSolutionNode = FALSE
	EndGlobalSection
	GlobalSection(ExtensibilityGlobals) = postSolution
		SolutionGuid = {F061B31C-5E8A-4CAB-89DA-257586CC685B}
	EndGlobalSection
EndGlobal
