
Microsoft Visual Studio Solution File, Format Version 12.00
# Visual Studio Version 17
VisualStudioVersion = 17.5.002.0
MinimumVisualStudioVersion = 10.0.40219.1
Project("{9A19103F-16F7-4668-BE54-9A1E7A4F7556}") = "MyProject2", "MyProject2.csproj", "{52CF4041-FD17-43E1-A268-692AA8179D61}"
EndProject
Global
	GlobalSection(SolutionConfigurationPlatforms) = preSolution
		Debug|Any CPU = Debug|Any CPU
		Release|Any CPU = Release|Any CPU
	EndGlobalSection
	GlobalSection(ProjectConfigurationPlatforms) = postSolution
		{52CF4041-FD17-43E1-A268-692AA8179D61}.Debug|Any CPU.ActiveCfg = Debug|Any CPU
		{52CF4041-FD17-43E1-A268-692AA8179D61}.Debug|Any CPU.Build.0 = Debug|Any CPU
		{52CF4041-FD17-43E1-A268-692AA8179D61}.Release|Any CPU.ActiveCfg = Release|Any CPU
		{52CF4041-FD17-43E1-A268-692AA8179D61}.Release|Any CPU.Build.0 = Release|Any CPU
	EndGlobalSection
	GlobalSection(SolutionProperties) = preSolution
		HideSolutionNode = FALSE
	EndGlobalSection
	GlobalSection(ExtensibilityGlobals) = postSolution
		SolutionGuid = {D622492A-5EA5-4A5F-956E-6A63FB9379EC}
	EndGlobalSection
EndGlobal
