
Microsoft Visual Studio Solution File, Format Version 12.00
# Visual Studio Version 17
VisualStudioVersion = 17.5.002.0
MinimumVisualStudioVersion = 10.0.40219.1
Project("{9A19103F-16F7-4668-BE54-9A1E7A4F7556}") = "MariaDB_ADO_NET_01", "MariaDB_ADO_NET_01.csproj", "{50990089-99A1-41CF-B901-716065902D95}"
EndProject
Global
	GlobalSection(SolutionConfigurationPlatforms) = preSolution
		Debug|Any CPU = Debug|Any CPU
		Release|Any CPU = Release|Any CPU
	EndGlobalSection
	GlobalSection(ProjectConfigurationPlatforms) = postSolution
		{50990089-99A1-41CF-B901-716065902D95}.Debug|Any CPU.ActiveCfg = Debug|Any CPU
		{50990089-99A1-41CF-B901-716065902D95}.Debug|Any CPU.Build.0 = Debug|Any CPU
		{50990089-99A1-41CF-B901-716065902D95}.Release|Any CPU.ActiveCfg = Release|Any CPU
		{50990089-99A1-41CF-B901-716065902D95}.Release|Any CPU.Build.0 = Release|Any CPU
	EndGlobalSection
	GlobalSection(SolutionProperties) = preSolution
		HideSolutionNode = FALSE
	EndGlobalSection
	GlobalSection(ExtensibilityGlobals) = postSolution
		SolutionGuid = {C1C7C17C-72D4-4B31-BCCC-0AF943EDBC24}
	EndGlobalSection
EndGlobal
