
Microsoft Visual Studio Solution File, Format Version 12.00
# Visual Studio Version 17
VisualStudioVersion = 17.5.002.0
MinimumVisualStudioVersion = 10.0.40219.1
Project("{9A19103F-16F7-4668-BE54-9A1E7A4F7556}") = "ExpenseAPI", "ExpenseAPI.csproj", "{AD9E7AE8-FA61-4048-ACBE-8EB59BDDB14F}"
EndProject
Global
	GlobalSection(SolutionConfigurationPlatforms) = preSolution
		Debug|Any CPU = Debug|Any CPU
		Release|Any CPU = Release|Any CPU
	EndGlobalSection
	GlobalSection(ProjectConfigurationPlatforms) = postSolution
		{AD9E7AE8-FA61-4048-ACBE-8EB59BDDB14F}.Debug|Any CPU.ActiveCfg = Debug|Any CPU
		{AD9E7AE8-FA61-4048-ACBE-8EB59BDDB14F}.Debug|Any CPU.Build.0 = Debug|Any CPU
		{AD9E7AE8-FA61-4048-ACBE-8EB59BDDB14F}.Release|Any CPU.ActiveCfg = Release|Any CPU
		{AD9E7AE8-FA61-4048-ACBE-8EB59BDDB14F}.Release|Any CPU.Build.0 = Release|Any CPU
	EndGlobalSection
	GlobalSection(SolutionProperties) = preSolution
		HideSolutionNode = FALSE
	EndGlobalSection
	GlobalSection(ExtensibilityGlobals) = postSolution
		SolutionGuid = {49E3BA56-B0CD-4962-9120-016B57A938A8}
	EndGlobalSection
EndGlobal
