
Microsoft Visual Studio Solution File, Format Version 12.00
# Visual Studio Version 17
VisualStudioVersion = 17.5.002.0
MinimumVisualStudioVersion = 10.0.40219.1
Project("{9A19103F-16F7-4668-BE54-9A1E7A4F7556}") = "Deserialize02", "Deserialize02.csproj", "{CEBB8A8B-FD61-40CE-AB88-77299CA795C4}"
EndProject
Global
	GlobalSection(SolutionConfigurationPlatforms) = preSolution
		Debug|Any CPU = Debug|Any CPU
		Release|Any CPU = Release|Any CPU
	EndGlobalSection
	GlobalSection(ProjectConfigurationPlatforms) = postSolution
		{CEBB8A8B-FD61-40CE-AB88-77299CA795C4}.Debug|Any CPU.ActiveCfg = Debug|Any CPU
		{CEBB8A8B-FD61-40CE-AB88-77299CA795C4}.Debug|Any CPU.Build.0 = Debug|Any CPU
		{CEBB8A8B-FD61-40CE-AB88-77299CA795C4}.Release|Any CPU.ActiveCfg = Release|Any CPU
		{CEBB8A8B-FD61-40CE-AB88-77299CA795C4}.Release|Any CPU.Build.0 = Release|Any CPU
	EndGlobalSection
	GlobalSection(SolutionProperties) = preSolution
		HideSolutionNode = FALSE
	EndGlobalSection
	GlobalSection(ExtensibilityGlobals) = postSolution
		SolutionGuid = {B0057F77-B508-4185-9D8D-1AA4A65E22ED}
	EndGlobalSection
EndGlobal
